// !$*UTF8*$!
{
	archiveVersion = 1;
	classes = {
	};
	objectVersion = 50;
	objects = {

/* Begin PBXBuildFile section */
		A65512752424B0E600B7B899 /* IQTextView.m in Sources */ = {isa = PBXBuildFile; fileRef = A65512562424B0E600B7B899 /* IQTextView.m */; };
		A65512762424B0E600B7B899 /* IQToolbar.m in Sources */ = {isa = PBXBuildFile; fileRef = A655125A2424B0E600B7B899 /* IQToolbar.m */; };
		A65512772424B0E600B7B899 /* IQTitleBarButtonItem.m in Sources */ = {isa = PBXBuildFile; fileRef = A655125C2424B0E600B7B899 /* IQTitleBarButtonItem.m */; };
		A65512782424B0E600B7B899 /* IQBarButtonItem.m in Sources */ = {isa = PBXBuildFile; fileRef = A655125D2424B0E600B7B899 /* IQBarButtonItem.m */; };
		A65512792424B0E600B7B899 /* IQUIView+IQKeyboardToolbar.m in Sources */ = {isa = PBXBuildFile; fileRef = A655125E2424B0E600B7B899 /* IQUIView+IQKeyboardToolbar.m */; };
		A655127A2424B0E600B7B899 /* IQPreviousNextView.m in Sources */ = {isa = PBXBuildFile; fileRef = A655125F2424B0E600B7B899 /* IQPreviousNextView.m */; };
		A655127B2424B0E600B7B899 /* IQKeyboardManager.m in Sources */ = {isa = PBXBuildFile; fileRef = A65512682424B0E600B7B899 /* IQKeyboardManager.m */; };
		A655127C2424B0E600B7B899 /* IQNSArray+Sort.m in Sources */ = {isa = PBXBuildFile; fileRef = A655126A2424B0E600B7B899 /* IQNSArray+Sort.m */; };
		A655127D2424B0E600B7B899 /* IQUITextFieldView+Additions.m in Sources */ = {isa = PBXBuildFile; fileRef = A655126C2424B0E600B7B899 /* IQUITextFieldView+Additions.m */; };
		A655127E2424B0E600B7B899 /* IQUIScrollView+Additions.m in Sources */ = {isa = PBXBuildFile; fileRef = A655126D2424B0E600B7B899 /* IQUIScrollView+Additions.m */; };
		A655127F2424B0E600B7B899 /* IQUIView+Hierarchy.m in Sources */ = {isa = PBXBuildFile; fileRef = A655126E2424B0E600B7B899 /* IQUIView+Hierarchy.m */; };
		A65512802424B0E600B7B899 /* IQUIViewController+Additions.m in Sources */ = {isa = PBXBuildFile; fileRef = A65512722424B0E600B7B899 /* IQUIViewController+Additions.m */; };
		A65512812424B0E600B7B899 /* IQKeyboardReturnKeyHandler.m in Sources */ = {isa = PBXBuildFile; fileRef = A65512742424B0E600B7B899 /* IQKeyboardReturnKeyHandler.m */; };
		A666A7BB241240B8005E9DD4 /* KLTagLayer.m in Sources */ = {isa = PBXBuildFile; fileRef = A666A7B4241240B8005E9DD4 /* KLTagLayer.m */; };
		A666A7BC241240B8005E9DD4 /* KLPopMenuTool.m in Sources */ = {isa = PBXBuildFile; fileRef = A666A7B7241240B8005E9DD4 /* KLPopMenuTool.m */; };
		A666A7BD241240B8005E9DD4 /* KLPopMenuView.m in Sources */ = {isa = PBXBuildFile; fileRef = A666A7B8241240B8005E9DD4 /* KLPopMenuView.m */; };
		A666A7BE241240B8005E9DD4 /* KLPopMenu.m in Sources */ = {isa = PBXBuildFile; fileRef = A666A7BA241240B8005E9DD4 /* KLPopMenu.m */; };
		A66F55D023CEED96009D1720 /* AppDelegate.m in Sources */ = {isa = PBXBuildFile; fileRef = A66F55CF23CEED96009D1720 /* AppDelegate.m */; };
		A66F55D623CEED96009D1720 /* ViewController.m in Sources */ = {isa = PBXBuildFile; fileRef = A66F55D523CEED96009D1720 /* ViewController.m */; };
		A66F55D923CEED96009D1720 /* Main.storyboard in Resources */ = {isa = PBXBuildFile; fileRef = A66F55D723CEED96009D1720 /* Main.storyboard */; };
		A66F55DB23CEED9A009D1720 /* Assets.xcassets in Resources */ = {isa = PBXBuildFile; fileRef = A66F55DA23CEED9A009D1720 /* Assets.xcassets */; };
		A66F55DE23CEED9A009D1720 /* LaunchScreen.storyboard in Resources */ = {isa = PBXBuildFile; fileRef = A66F55DC23CEED9A009D1720 /* LaunchScreen.storyboard */; };
		A66F55E123CEED9A009D1720 /* main.m in Sources */ = {isa = PBXBuildFile; fileRef = A66F55E023CEED9A009D1720 /* main.m */; };
		A678FA602424571E00762678 /* ListViewController.m in Sources */ = {isa = PBXBuildFile; fileRef = A678FA5F2424571E00762678 /* ListViewController.m */; };
		A678FA642424574400762678 /* ListCell.m in Sources */ = {isa = PBXBuildFile; fileRef = A678FA622424574400762678 /* ListCell.m */; };
		A678FA652424574400762678 /* ListCell.xib in Resources */ = {isa = PBXBuildFile; fileRef = A678FA632424574400762678 /* ListCell.xib */; };
/* End PBXBuildFile section */

/* Begin PBXFileReference section */
		A65512562424B0E600B7B899 /* IQTextView.m */ = {isa = PBXFileReference; fileEncoding = 4; lastKnownFileType = sourcecode.c.objc; path = IQTextView.m; sourceTree = "<group>"; };
		A65512572424B0E600B7B899 /* IQTextView.h */ = {isa = PBXFileReference; fileEncoding = 4; lastKnownFileType = sourcecode.c.h; path = IQTextView.h; sourceTree = "<group>"; };
		A65512592424B0E600B7B899 /* IQUIView+IQKeyboardToolbar.h */ = {isa = PBXFileReference; fileEncoding = 4; lastKnownFileType = sourcecode.c.h; path = "IQUIView+IQKeyboardToolbar.h"; sourceTree = "<group>"; };
		A655125A2424B0E600B7B899 /* IQToolbar.m */ = {isa = PBXFileReference; fileEncoding = 4; lastKnownFileType = sourcecode.c.objc; path = IQToolbar.m; sourceTree = "<group>"; };
		A655125B2424B0E600B7B899 /* IQPreviousNextView.h */ = {isa = PBXFileReference; fileEncoding = 4; lastKnownFileType = sourcecode.c.h; path = IQPreviousNextView.h; sourceTree = "<group>"; };
		A655125C2424B0E600B7B899 /* IQTitleBarButtonItem.m */ = {isa = PBXFileReference; fileEncoding = 4; lastKnownFileType = sourcecode.c.objc; path = IQTitleBarButtonItem.m; sourceTree = "<group>"; };
		A655125D2424B0E600B7B899 /* IQBarButtonItem.m */ = {isa = PBXFileReference; fileEncoding = 4; lastKnownFileType = sourcecode.c.objc; path = IQBarButtonItem.m; sourceTree = "<group>"; };
		A655125E2424B0E600B7B899 /* IQUIView+IQKeyboardToolbar.m */ = {isa = PBXFileReference; fileEncoding = 4; lastKnownFileType = sourcecode.c.objc; path = "IQUIView+IQKeyboardToolbar.m"; sourceTree = "<group>"; };
		A655125F2424B0E600B7B899 /* IQPreviousNextView.m */ = {isa = PBXFileReference; fileEncoding = 4; lastKnownFileType = sourcecode.c.objc; path = IQPreviousNextView.m; sourceTree = "<group>"; };
		A65512602424B0E600B7B899 /* IQToolbar.h */ = {isa = PBXFileReference; fileEncoding = 4; lastKnownFileType = sourcecode.c.h; path = IQToolbar.h; sourceTree = "<group>"; };
		A65512612424B0E600B7B899 /* IQBarButtonItem.h */ = {isa = PBXFileReference; fileEncoding = 4; lastKnownFileType = sourcecode.c.h; path = IQBarButtonItem.h; sourceTree = "<group>"; };
		A65512622424B0E600B7B899 /* IQTitleBarButtonItem.h */ = {isa = PBXFileReference; fileEncoding = 4; lastKnownFileType = sourcecode.c.h; path = IQTitleBarButtonItem.h; sourceTree = "<group>"; };
		A65512642424B0E600B7B899 /* IQKeyboardManagerConstantsInternal.h */ = {isa = PBXFileReference; fileEncoding = 4; lastKnownFileType = sourcecode.c.h; path = IQKeyboardManagerConstantsInternal.h; sourceTree = "<group>"; };
		A65512652424B0E600B7B899 /* IQKeyboardManagerConstants.h */ = {isa = PBXFileReference; fileEncoding = 4; lastKnownFileType = sourcecode.c.h; path = IQKeyboardManagerConstants.h; sourceTree = "<group>"; };
		A65512662424B0E600B7B899 /* IQKeyboardReturnKeyHandler.h */ = {isa = PBXFileReference; fileEncoding = 4; lastKnownFileType = sourcecode.c.h; path = IQKeyboardReturnKeyHandler.h; sourceTree = "<group>"; };
		A65512672424B0E600B7B899 /* IQKeyboardManager.h */ = {isa = PBXFileReference; fileEncoding = 4; lastKnownFileType = sourcecode.c.h; path = IQKeyboardManager.h; sourceTree = "<group>"; };
		A65512682424B0E600B7B899 /* IQKeyboardManager.m */ = {isa = PBXFileReference; fileEncoding = 4; lastKnownFileType = sourcecode.c.objc; path = IQKeyboardManager.m; sourceTree = "<group>"; };
		A655126A2424B0E600B7B899 /* IQNSArray+Sort.m */ = {isa = PBXFileReference; fileEncoding = 4; lastKnownFileType = sourcecode.c.objc; path = "IQNSArray+Sort.m"; sourceTree = "<group>"; };
		A655126B2424B0E600B7B899 /* IQUIViewController+Additions.h */ = {isa = PBXFileReference; fileEncoding = 4; lastKnownFileType = sourcecode.c.h; path = "IQUIViewController+Additions.h"; sourceTree = "<group>"; };
		A655126C2424B0E600B7B899 /* IQUITextFieldView+Additions.m */ = {isa = PBXFileReference; fileEncoding = 4; lastKnownFileType = sourcecode.c.objc; path = "IQUITextFieldView+Additions.m"; sourceTree = "<group>"; };
		A655126D2424B0E600B7B899 /* IQUIScrollView+Additions.m */ = {isa = PBXFileReference; fileEncoding = 4; lastKnownFileType = sourcecode.c.objc; path = "IQUIScrollView+Additions.m"; sourceTree = "<group>"; };
		A655126E2424B0E600B7B899 /* IQUIView+Hierarchy.m */ = {isa = PBXFileReference; fileEncoding = 4; lastKnownFileType = sourcecode.c.objc; path = "IQUIView+Hierarchy.m"; sourceTree = "<group>"; };
		A655126F2424B0E600B7B899 /* IQNSArray+Sort.h */ = {isa = PBXFileReference; fileEncoding = 4; lastKnownFileType = sourcecode.c.h; path = "IQNSArray+Sort.h"; sourceTree = "<group>"; };
		A65512702424B0E600B7B899 /* IQUIScrollView+Additions.h */ = {isa = PBXFileReference; fileEncoding = 4; lastKnownFileType = sourcecode.c.h; path = "IQUIScrollView+Additions.h"; sourceTree = "<group>"; };
		A65512712424B0E600B7B899 /* IQUITextFieldView+Additions.h */ = {isa = PBXFileReference; fileEncoding = 4; lastKnownFileType = sourcecode.c.h; path = "IQUITextFieldView+Additions.h"; sourceTree = "<group>"; };
		A65512722424B0E600B7B899 /* IQUIViewController+Additions.m */ = {isa = PBXFileReference; fileEncoding = 4; lastKnownFileType = sourcecode.c.objc; path = "IQUIViewController+Additions.m"; sourceTree = "<group>"; };
		A65512732424B0E600B7B899 /* IQUIView+Hierarchy.h */ = {isa = PBXFileReference; fileEncoding = 4; lastKnownFileType = sourcecode.c.h; path = "IQUIView+Hierarchy.h"; sourceTree = "<group>"; };
		A65512742424B0E600B7B899 /* IQKeyboardReturnKeyHandler.m */ = {isa = PBXFileReference; fileEncoding = 4; lastKnownFileType = sourcecode.c.objc; path = IQKeyboardReturnKeyHandler.m; sourceTree = "<group>"; };
		A666A7B1241240B8005E9DD4 /* KLPopMenu.h */ = {isa = PBXFileReference; fileEncoding = 4; lastKnownFileType = sourcecode.c.h; path = KLPopMenu.h; sourceTree = "<group>"; };
		A666A7B3241240B8005E9DD4 /* KLTagLayer.h */ = {isa = PBXFileReference; fileEncoding = 4; lastKnownFileType = sourcecode.c.h; path = KLTagLayer.h; sourceTree = "<group>"; };
		A666A7B4241240B8005E9DD4 /* KLTagLayer.m */ = {isa = PBXFileReference; fileEncoding = 4; lastKnownFileType = sourcecode.c.objc; path = KLTagLayer.m; sourceTree = "<group>"; };
		A666A7B6241240B8005E9DD4 /* KLPopMenuView.h */ = {isa = PBXFileReference; fileEncoding = 4; lastKnownFileType = sourcecode.c.h; path = KLPopMenuView.h; sourceTree = "<group>"; };
		A666A7B7241240B8005E9DD4 /* KLPopMenuTool.m */ = {isa = PBXFileReference; fileEncoding = 4; lastKnownFileType = sourcecode.c.objc; path = KLPopMenuTool.m; sourceTree = "<group>"; };
		A666A7B8241240B8005E9DD4 /* KLPopMenuView.m */ = {isa = PBXFileReference; fileEncoding = 4; lastKnownFileType = sourcecode.c.objc; path = KLPopMenuView.m; sourceTree = "<group>"; };
		A666A7B9241240B8005E9DD4 /* KLPopMenuTool.h */ = {isa = PBXFileReference; fileEncoding = 4; lastKnownFileType = sourcecode.c.h; path = KLPopMenuTool.h; sourceTree = "<group>"; };
		A666A7BA241240B8005E9DD4 /* KLPopMenu.m */ = {isa = PBXFileReference; fileEncoding = 4; lastKnownFileType = sourcecode.c.objc; path = KLPopMenu.m; sourceTree = "<group>"; };
		A66F55CB23CEED96009D1720 /* MenuDemo.app */ = {isa = PBXFileReference; explicitFileType = wrapper.application; includeInIndex = 0; path = MenuDemo.app; sourceTree = BUILT_PRODUCTS_DIR; };
		A66F55CE23CEED96009D1720 /* AppDelegate.h */ = {isa = PBXFileReference; lastKnownFileType = sourcecode.c.h; path = AppDelegate.h; sourceTree = "<group>"; };
		A66F55CF23CEED96009D1720 /* AppDelegate.m */ = {isa = PBXFileReference; lastKnownFileType = sourcecode.c.objc; path = AppDelegate.m; sourceTree = "<group>"; };
		A66F55D423CEED96009D1720 /* ViewController.h */ = {isa = PBXFileReference; lastKnownFileType = sourcecode.c.h; path = ViewController.h; sourceTree = "<group>"; };
		A66F55D523CEED96009D1720 /* ViewController.m */ = {isa = PBXFileReference; lastKnownFileType = sourcecode.c.objc; path = ViewController.m; sourceTree = "<group>"; };
		A66F55D823CEED96009D1720 /* Base */ = {isa = PBXFileReference; lastKnownFileType = file.storyboard; name = Base; path = Base.lproj/Main.storyboard; sourceTree = "<group>"; };
		A66F55DA23CEED9A009D1720 /* Assets.xcassets */ = {isa = PBXFileReference; lastKnownFileType = folder.assetcatalog; path = Assets.xcassets; sourceTree = "<group>"; };
		A66F55DD23CEED9A009D1720 /* Base */ = {isa = PBXFileReference; lastKnownFileType = file.storyboard; name = Base; path = Base.lproj/LaunchScreen.storyboard; sourceTree = "<group>"; };
		A66F55DF23CEED9A009D1720 /* Info.plist */ = {isa = PBXFileReference; lastKnownFileType = text.plist.xml; path = Info.plist; sourceTree = "<group>"; };
		A66F55E023CEED9A009D1720 /* main.m */ = {isa = PBXFileReference; lastKnownFileType = sourcecode.c.objc; path = main.m; sourceTree = "<group>"; };
		A678FA5E2424571E00762678 /* ListViewController.h */ = {isa = PBXFileReference; lastKnownFileType = sourcecode.c.h; path = ListViewController.h; sourceTree = "<group>"; };
		A678FA5F2424571E00762678 /* ListViewController.m */ = {isa = PBXFileReference; lastKnownFileType = sourcecode.c.objc; path = ListViewController.m; sourceTree = "<group>"; };
		A678FA612424574400762678 /* ListCell.h */ = {isa = PBXFileReference; lastKnownFileType = sourcecode.c.h; path = ListCell.h; sourceTree = "<group>"; };
		A678FA622424574400762678 /* ListCell.m */ = {isa = PBXFileReference; lastKnownFileType = sourcecode.c.objc; path = ListCell.m; sourceTree = "<group>"; };
		A678FA632424574400762678 /* ListCell.xib */ = {isa = PBXFileReference; lastKnownFileType = file.xib; path = ListCell.xib; sourceTree = "<group>"; };
/* End PBXFileReference section */

/* Begin PBXFrameworksBuildPhase section */
		A66F55C823CEED96009D1720 /* Frameworks */ = {
			isa = PBXFrameworksBuildPhase;
			buildActionMask = 2147483647;
			files = (
			);
			runOnlyForDeploymentPostprocessing = 0;
		};
/* End PBXFrameworksBuildPhase section */

/* Begin PBXGroup section */
		A65512542424B0E600B7B899 /* IQKeyboardManager */ = {
			isa = PBXGroup;
			children = (
				A65512552424B0E600B7B899 /* IQTextView */,
				A65512582424B0E600B7B899 /* IQToolbar */,
				A65512632424B0E600B7B899 /* Constants */,
				A65512662424B0E600B7B899 /* IQKeyboardReturnKeyHandler.h */,
				A65512672424B0E600B7B899 /* IQKeyboardManager.h */,
				A65512682424B0E600B7B899 /* IQKeyboardManager.m */,
				A65512692424B0E600B7B899 /* Categories */,
				A65512742424B0E600B7B899 /* IQKeyboardReturnKeyHandler.m */,
			);
			path = IQKeyboardManager;
			sourceTree = "<group>";
		};
		A65512552424B0E600B7B899 /* IQTextView */ = {
			isa = PBXGroup;
			children = (
				A65512562424B0E600B7B899 /* IQTextView.m */,
				A65512572424B0E600B7B899 /* IQTextView.h */,
			);
			path = IQTextView;
			sourceTree = "<group>";
		};
		A65512582424B0E600B7B899 /* IQToolbar */ = {
			isa = PBXGroup;
			children = (
				A65512592424B0E600B7B899 /* IQUIView+IQKeyboardToolbar.h */,
				A655125A2424B0E600B7B899 /* IQToolbar.m */,
				A655125B2424B0E600B7B899 /* IQPreviousNextView.h */,
				A655125C2424B0E600B7B899 /* IQTitleBarButtonItem.m */,
				A655125D2424B0E600B7B899 /* IQBarButtonItem.m */,
				A655125E2424B0E600B7B899 /* IQUIView+IQKeyboardToolbar.m */,
				A655125F2424B0E600B7B899 /* IQPreviousNextView.m */,
				A65512602424B0E600B7B899 /* IQToolbar.h */,
				A65512612424B0E600B7B899 /* IQBarButtonItem.h */,
				A65512622424B0E600B7B899 /* IQTitleBarButtonItem.h */,
			);
			path = IQToolbar;
			sourceTree = "<group>";
		};
		A65512632424B0E600B7B899 /* Constants */ = {
			isa = PBXGroup;
			children = (
				A65512642424B0E600B7B899 /* IQKeyboardManagerConstantsInternal.h */,
				A65512652424B0E600B7B899 /* IQKeyboardManagerConstants.h */,
			);
			path = Constants;
			sourceTree = "<group>";
		};
		A65512692424B0E600B7B899 /* Categories */ = {
			isa = PBXGroup;
			children = (
				A655126A2424B0E600B7B899 /* IQNSArray+Sort.m */,
				A655126B2424B0E600B7B899 /* IQUIViewController+Additions.h */,
				A655126C2424B0E600B7B899 /* IQUITextFieldView+Additions.m */,
				A655126D2424B0E600B7B899 /* IQUIScrollView+Additions.m */,
				A655126E2424B0E600B7B899 /* IQUIView+Hierarchy.m */,
				A655126F2424B0E600B7B899 /* IQNSArray+Sort.h */,
				A65512702424B0E600B7B899 /* IQUIScrollView+Additions.h */,
				A65512712424B0E600B7B899 /* IQUITextFieldView+Additions.h */,
				A65512722424B0E600B7B899 /* IQUIViewController+Additions.m */,
				A65512732424B0E600B7B899 /* IQUIView+Hierarchy.h */,
			);
			path = Categories;
			sourceTree = "<group>";
		};
		A666A7B0241240B8005E9DD4 /* KLPopMenu */ = {
			isa = PBXGroup;
			children = (
				A666A7B1241240B8005E9DD4 /* KLPopMenu.h */,
				A666A7BA241240B8005E9DD4 /* KLPopMenu.m */,
				A666A7B2241240B8005E9DD4 /* component */,
				A666A7B5241240B8005E9DD4 /* coreCompetency */,
			);
			path = KLPopMenu;
			sourceTree = "<group>";
		};
		A666A7B2241240B8005E9DD4 /* component */ = {
			isa = PBXGroup;
			children = (
				A666A7B3241240B8005E9DD4 /* KLTagLayer.h */,
				A666A7B4241240B8005E9DD4 /* KLTagLayer.m */,
			);
			path = component;
			sourceTree = "<group>";
		};
		A666A7B5241240B8005E9DD4 /* coreCompetency */ = {
			isa = PBXGroup;
			children = (
				A666A7B6241240B8005E9DD4 /* KLPopMenuView.h */,
				A666A7B7241240B8005E9DD4 /* KLPopMenuTool.m */,
				A666A7B8241240B8005E9DD4 /* KLPopMenuView.m */,
				A666A7B9241240B8005E9DD4 /* KLPopMenuTool.h */,
			);
			path = coreCompetency;
			sourceTree = "<group>";
		};
		A66F55C223CEED96009D1720 = {
			isa = PBXGroup;
			children = (
				A65512542424B0E600B7B899 /* IQKeyboardManager */,
				A666A7B0241240B8005E9DD4 /* KLPopMenu */,
				A66F55CD23CEED96009D1720 /* MenuDemo */,
				A66F55CC23CEED96009D1720 /* Products */,
			);
			sourceTree = "<group>";
		};
		A66F55CC23CEED96009D1720 /* Products */ = {
			isa = PBXGroup;
			children = (
				A66F55CB23CEED96009D1720 /* MenuDemo.app */,
			);
			name = Products;
			sourceTree = "<group>";
		};
		A66F55CD23CEED96009D1720 /* MenuDemo */ = {
			isa = PBXGroup;
			children = (
				A66F55CE23CEED96009D1720 /* AppDelegate.h */,
				A66F55CF23CEED96009D1720 /* AppDelegate.m */,
				A66F55D423CEED96009D1720 /* ViewController.h */,
				A66F55D523CEED96009D1720 /* ViewController.m */,
				A678FA5D242456DB00762678 /* list */,
				A66F55D723CEED96009D1720 /* Main.storyboard */,
				A66F55DA23CEED9A009D1720 /* Assets.xcassets */,
				A66F55DC23CEED9A009D1720 /* LaunchScreen.storyboard */,
				A66F55DF23CEED9A009D1720 /* Info.plist */,
				A66F55E023CEED9A009D1720 /* main.m */,
			);
			path = MenuDemo;
			sourceTree = "<group>";
		};
		A678FA5D242456DB00762678 /* list */ = {
			isa = PBXGroup;
			children = (
				A678FA5E2424571E00762678 /* ListViewController.h */,
				A678FA5F2424571E00762678 /* ListViewController.m */,
				A678FA612424574400762678 /* ListCell.h */,
				A678FA622424574400762678 /* ListCell.m */,
				A678FA632424574400762678 /* ListCell.xib */,
			);
			path = list;
			sourceTree = "<group>";
		};
/* End PBXGroup section */

/* Begin PBXNativeTarget section */
		A66F55CA23CEED96009D1720 /* MenuDemo */ = {
			isa = PBXNativeTarget;
			buildConfigurationList = A66F55E423CEED9A009D1720 /* Build configuration list for PBXNativeTarget "MenuDemo" */;
			buildPhases = (
				A66F55C723CEED96009D1720 /* Sources */,
				A66F55C823CEED96009D1720 /* Frameworks */,
				A66F55C923CEED96009D1720 /* Resources */,
			);
			buildRules = (
			);
			dependencies = (
			);
			name = MenuDemo;
			productName = testApp;
			productReference = A66F55CB23CEED96009D1720 /* MenuDemo.app */;
			productType = "com.apple.product-type.application";
		};
/* End PBXNativeTarget section */

/* Begin PBXProject section */
		A66F55C323CEED96009D1720 /* Project object */ = {
			isa = PBXProject;
			attributes = {
				LastUpgradeCheck = 1130;
				ORGANIZATIONNAME = HN;
				TargetAttributes = {
					A66F55CA23CEED96009D1720 = {
						CreatedOnToolsVersion = 11.3.1;
						LastSwiftMigration = 1130;
					};
				};
			};
			buildConfigurationList = A66F55C623CEED96009D1720 /* Build configuration list for PBXProject "MenuDemo" */;
			compatibilityVersion = "Xcode 9.3";
			developmentRegion = en;
			hasScannedForEncodings = 0;
			knownRegions = (
				en,
				Base,
			);
			mainGroup = A66F55C223CEED96009D1720;
			productRefGroup = A66F55CC23CEED96009D1720 /* Products */;
			projectDirPath = "";
			projectRoot = "";
			targets = (
				A66F55CA23CEED96009D1720 /* MenuDemo */,
			);
		};
/* End PBXProject section */

/* Begin PBXResourcesBuildPhase section */
		A66F55C923CEED96009D1720 /* Resources */ = {
			isa = PBXResourcesBuildPhase;
			buildActionMask = 2147483647;
			files = (
				A66F55DE23CEED9A009D1720 /* LaunchScreen.storyboard in Resources */,
				A678FA652424574400762678 /* ListCell.xib in Resources */,
				A66F55DB23CEED9A009D1720 /* Assets.xcassets in Resources */,
				A66F55D923CEED96009D1720 /* Main.storyboard in Resources */,
			);
			runOnlyForDeploymentPostprocessing = 0;
		};
/* End PBXResourcesBuildPhase section */

/* Begin PBXSourcesBuildPhase section */
		A66F55C723CEED96009D1720 /* Sources */ = {
			isa = PBXSourcesBuildPhase;
			buildActionMask = 2147483647;
			files = (
				A655127D2424B0E600B7B899 /* IQUITextFieldView+Additions.m in Sources */,
				A655127E2424B0E600B7B899 /* IQUIScrollView+Additions.m in Sources */,
				A65512802424B0E600B7B899 /* IQUIViewController+Additions.m in Sources */,
				A655127B2424B0E600B7B899 /* IQKeyboardManager.m in Sources */,
				A655127A2424B0E600B7B899 /* IQPreviousNextView.m in Sources */,
				A65512812424B0E600B7B899 /* IQKeyboardReturnKeyHandler.m in Sources */,
				A65512772424B0E600B7B899 /* IQTitleBarButtonItem.m in Sources */,
				A65512792424B0E600B7B899 /* IQUIView+IQKeyboardToolbar.m in Sources */,
				A666A7BD241240B8005E9DD4 /* KLPopMenuView.m in Sources */,
				A66F55D623CEED96009D1720 /* ViewController.m in Sources */,
				A655127C2424B0E600B7B899 /* IQNSArray+Sort.m in Sources */,
				A678FA602424571E00762678 /* ListViewController.m in Sources */,
				A678FA642424574400762678 /* ListCell.m in Sources */,
				A66F55D023CEED96009D1720 /* AppDelegate.m in Sources */,
				A666A7BB241240B8005E9DD4 /* KLTagLayer.m in Sources */,
				A655127F2424B0E600B7B899 /* IQUIView+Hierarchy.m in Sources */,
				A66F55E123CEED9A009D1720 /* main.m in Sources */,
				A65512782424B0E600B7B899 /* IQBarButtonItem.m in Sources */,
				A666A7BC241240B8005E9DD4 /* KLPopMenuTool.m in Sources */,
				A65512752424B0E600B7B899 /* IQTextView.m in Sources */,
				A666A7BE241240B8005E9DD4 /* KLPopMenu.m in Sources */,
				A65512762424B0E600B7B899 /* IQToolbar.m in Sources */,
			);
			runOnlyForDeploymentPostprocessing = 0;
		};
/* End PBXSourcesBuildPhase section */

/* Begin PBXVariantGroup section */
		A66F55D723CEED96009D1720 /* Main.storyboard */ = {
			isa = PBXVariantGroup;
			children = (
				A66F55D823CEED96009D1720 /* Base */,
			);
			name = Main.storyboard;
			sourceTree = "<group>";
		};
		A66F55DC23CEED9A009D1720 /* LaunchScreen.storyboard */ = {
			isa = PBXVariantGroup;
			children = (
				A66F55DD23CEED9A009D1720 /* Base */,
			);
			name = LaunchScreen.storyboard;
			sourceTree = "<group>";
		};
/* End PBXVariantGroup section */

/* Begin XCBuildConfiguration section */
		A66F55E223CEED9A009D1720 /* Debug */ = {
			isa = XCBuildConfiguration;
			buildSettings = {
				ALWAYS_SEARCH_USER_PATHS = NO;
				CLANG_ANALYZER_NONNULL = YES;
				CLANG_ANALYZER_NUMBER_OBJECT_CONVERSION = YES_AGGRESSIVE;
				CLANG_CXX_LANGUAGE_STANDARD = "gnu++14";
				CLANG_CXX_LIBRARY = "libc++";
				CLANG_ENABLE_MODULES = YES;
				CLANG_ENABLE_OBJC_ARC = YES;
				CLANG_ENABLE_OBJC_WEAK = YES;
				CLANG_WARN_BLOCK_CAPTURE_AUTORELEASING = YES;
				CLANG_WARN_BOOL_CONVERSION = YES;
				CLANG_WARN_COMMA = YES;
				CLANG_WARN_CONSTANT_CONVERSION = YES;
				CLANG_WARN_DEPRECATED_OBJC_IMPLEMENTATIONS = YES;
				CLANG_WARN_DIRECT_OBJC_ISA_USAGE = YES_ERROR;
				CLANG_WARN_DOCUMENTATION_COMMENTS = YES;
				CLANG_WARN_EMPTY_BODY = YES;
				CLANG_WARN_ENUM_CONVERSION = YES;
				CLANG_WARN_INFINITE_RECURSION = YES;
				CLANG_WARN_INT_CONVERSION = YES;
				CLANG_WARN_NON_LITERAL_NULL_CONVERSION = YES;
				CLANG_WARN_OBJC_IMPLICIT_RETAIN_SELF = YES;
				CLANG_WARN_OBJC_LITERAL_CONVERSION = YES;
				CLANG_WARN_OBJC_ROOT_CLASS = YES_ERROR;
				CLANG_WARN_RANGE_LOOP_ANALYSIS = YES;
				CLANG_WARN_STRICT_PROTOTYPES = YES;
				CLANG_WARN_SUSPICIOUS_MOVE = YES;
				CLANG_WARN_UNGUARDED_AVAILABILITY = YES_AGGRESSIVE;
				CLANG_WARN_UNREACHABLE_CODE = YES;
				CLANG_WARN__DUPLICATE_METHOD_MATCH = YES;
				COPY_PHASE_STRIP = NO;
				DEBUG_INFORMATION_FORMAT = dwarf;
				ENABLE_STRICT_OBJC_MSGSEND = YES;
				ENABLE_TESTABILITY = YES;
				GCC_C_LANGUAGE_STANDARD = gnu11;
				GCC_DYNAMIC_NO_PIC = NO;
				GCC_NO_COMMON_BLOCKS = YES;
				GCC_OPTIMIZATION_LEVEL = 0;
				GCC_PREPROCESSOR_DEFINITIONS = (
					"DEBUG=1",
					"$(inherited)",
				);
				GCC_WARN_64_TO_32_BIT_CONVERSION = YES;
				GCC_WARN_ABOUT_RETURN_TYPE = YES_ERROR;
				GCC_WARN_UNDECLARED_SELECTOR = YES;
				GCC_WARN_UNINITIALIZED_AUTOS = YES_AGGRESSIVE;
				GCC_WARN_UNUSED_FUNCTION = YES;
				GCC_WARN_UNUSED_VARIABLE = YES;
				IPHONEOS_DEPLOYMENT_TARGET = 13.2;
				MTL_ENABLE_DEBUG_INFO = INCLUDE_SOURCE;
				MTL_FAST_MATH = YES;
				ONLY_ACTIVE_ARCH = YES;
				SDKROOT = iphoneos;
			};
			name = Debug;
		};
		A66F55E323CEED9A009D1720 /* Release */ = {
			isa = XCBuildConfiguration;
			buildSettings = {
				ALWAYS_SEARCH_USER_PATHS = NO;
				CLANG_ANALYZER_NONNULL = YES;
				CLANG_ANALYZER_NUMBER_OBJECT_CONVERSION = YES_AGGRESSIVE;
				CLANG_CXX_LANGUAGE_STANDARD = "gnu++14";
				CLANG_CXX_LIBRARY = "libc++";
				CLANG_ENABLE_MODULES = YES;
				CLANG_ENABLE_OBJC_ARC = YES;
				CLANG_ENABLE_OBJC_WEAK = YES;
				CLANG_WARN_BLOCK_CAPTURE_AUTORELEASING = YES;
				CLANG_WARN_BOOL_CONVERSION = YES;
				CLANG_WARN_COMMA = YES;
				CLANG_WARN_CONSTANT_CONVERSION = YES;
				CLANG_WARN_DEPRECATED_OBJC_IMPLEMENTATIONS = YES;
				CLANG_WARN_DIRECT_OBJC_ISA_USAGE = YES_ERROR;
				CLANG_WARN_DOCUMENTATION_COMMENTS = YES;
				CLANG_WARN_EMPTY_BODY = YES;
				CLANG_WARN_ENUM_CONVERSION = YES;
				CLANG_WARN_INFINITE_RECURSION = YES;
				CLANG_WARN_INT_CONVERSION = YES;
				CLANG_WARN_NON_LITERAL_NULL_CONVERSION = YES;
				CLANG_WARN_OBJC_IMPLICIT_RETAIN_SELF = YES;
				CLANG_WARN_OBJC_LITERAL_CONVERSION = YES;
				CLANG_WARN_OBJC_ROOT_CLASS = YES_ERROR;
				CLANG_WARN_RANGE_LOOP_ANALYSIS = YES;
				CLANG_WARN_STRICT_PROTOTYPES = YES;
				CLANG_WARN_SUSPICIOUS_MOVE = YES;
				CLANG_WARN_UNGUARDED_AVAILABILITY = YES_AGGRESSIVE;
				CLANG_WARN_UNREACHABLE_CODE = YES;
				CLANG_WARN__DUPLICATE_METHOD_MATCH = YES;
				COPY_PHASE_STRIP = NO;
				DEBUG_INFORMATION_FORMAT = "dwarf-with-dsym";
				ENABLE_NS_ASSERTIONS = NO;
				ENABLE_STRICT_OBJC_MSGSEND = YES;
				GCC_C_LANGUAGE_STANDARD = gnu11;
				GCC_NO_COMMON_BLOCKS = YES;
				GCC_WARN_64_TO_32_BIT_CONVERSION = YES;
				GCC_WARN_ABOUT_RETURN_TYPE = YES_ERROR;
				GCC_WARN_UNDECLARED_SELECTOR = YES;
				GCC_WARN_UNINITIALIZED_AUTOS = YES_AGGRESSIVE;
				GCC_WARN_UNUSED_FUNCTION = YES;
				GCC_WARN_UNUSED_VARIABLE = YES;
				IPHONEOS_DEPLOYMENT_TARGET = 13.2;
				MTL_ENABLE_DEBUG_INFO = NO;
				MTL_FAST_MATH = YES;
				SDKROOT = iphoneos;
				VALIDATE_PRODUCT = YES;
			};
			name = Release;
		};
		A66F55E523CEED9A009D1720 /* Debug */ = {
			isa = XCBuildConfiguration;
			buildSettings = {
				ASSETCATALOG_COMPILER_APPICON_NAME = AppIcon;
				CLANG_ENABLE_MODULES = YES;
				CODE_SIGN_STYLE = Automatic;
				DEFINES_MODULE = YES;
				DEVELOPMENT_TEAM = G455RMLLQ5;
				EMBED_ASSET_PACKS_IN_PRODUCT_BUNDLE = YES;
				INFOPLIST_FILE = "$(SRCROOT)/MenuDemo/Info.plist";
				IPHONEOS_DEPLOYMENT_TARGET = 11.0;
				LD_RUNPATH_SEARCH_PATHS = (
					"$(inherited)",
					"@executable_path/Frameworks",
				);
				PRODUCT_BUNDLE_IDENTIFIER = com.cnhnb.testApp;
				PRODUCT_NAME = MenuDemo;
				SWIFT_OBJC_BRIDGING_HEADER = "MenuDemo/MenuDemo-Bridging-Header.h";
				SWIFT_OPTIMIZATION_LEVEL = "-Onone";
				SWIFT_VERSION = 4.0;
				TARGETED_DEVICE_FAMILY = "1,2";
			};
			name = Debug;
		};
		A66F55E623CEED9A009D1720 /* Release */ = {
			isa = XCBuildConfiguration;
			buildSettings = {
				ASSETCATALOG_COMPILER_APPICON_NAME = AppIcon;
				CLANG_ENABLE_MODULES = YES;
				CODE_SIGN_STYLE = Automatic;
				DEFINES_MODULE = YES;
				DEVELOPMENT_TEAM = G455RMLLQ5;
				EMBED_ASSET_PACKS_IN_PRODUCT_BUNDLE = YES;
				INFOPLIST_FILE = "$(SRCROOT)/MenuDemo/Info.plist";
				IPHONEOS_DEPLOYMENT_TARGET = 11.0;
				LD_RUNPATH_SEARCH_PATHS = (
					"$(inherited)",
					"@executable_path/Frameworks",
				);
				PRODUCT_BUNDLE_IDENTIFIER = com.cnhnb.testApp;
				PRODUCT_NAME = MenuDemo;
				SWIFT_OBJC_BRIDGING_HEADER = "MenuDemo/MenuDemo-Bridging-Header.h";
				SWIFT_VERSION = 4.0;
				TARGETED_DEVICE_FAMILY = "1,2";
			};
			name = Release;
		};
/* End XCBuildConfiguration section */

/* Begin XCConfigurationList section */
		A66F55C623CEED96009D1720 /* Build configuration list for PBXProject "MenuDemo" */ = {
			isa = XCConfigurationList;
			buildConfigurations = (
				A66F55E223CEED9A009D1720 /* Debug */,
				A66F55E323CEED9A009D1720 /* Release */,
			);
			defaultConfigurationIsVisible = 0;
			defaultConfigurationName = Release;
		};
		A66F55E423CEED9A009D1720 /* Build configuration list for PBXNativeTarget "MenuDemo" */ = {
			isa = XCConfigurationList;
			buildConfigurations = (
				A66F55E523CEED9A009D1720 /* Debug */,
				A66F55E623CEED9A009D1720 /* Release */,
			);
			defaultConfigurationIsVisible = 0;
			defaultConfigurationName = Release;
		};
/* End XCConfigurationList section */
	};
	rootObject = A66F55C323CEED96009D1720 /* Project object */;
}
